
Microsoft Visual Studio Solution File, Format Version 12.00
# Visual Studio Version 16
VisualStudioVersion = 16.0.29613.14
MinimumVisualStudioVersion = 10.0.40219.1
Project("{FAE04EC0-301F-11D3-BF4B-00C04F79EFBC}") = "Random Boss Task Assign Bot", "Random Boss Task Assign Bot\Random Boss Task Assign Bot.csproj", "{8915F0F8-DA6F-4D3E-902D-03F4AD625A44}"
EndProject
Global
	GlobalSection(SolutionConfigurationPlatforms) = preSolution
		Debug|Any CPU = Debug|Any CPU
		Release|Any CPU = Release|Any CPU
	EndGlobalSection
	GlobalSection(ProjectConfigurationPlatforms) = postSolution
		{8915F0F8-DA6F-4D3E-902D-03F4AD625A44}.Debug|Any CPU.ActiveCfg = Debug|Any CPU
		{8915F0F8-DA6F-4D3E-902D-03F4AD625A44}.Debug|Any CPU.Build.0 = Debug|Any CPU
		{8915F0F8-DA6F-4D3E-902D-03F4AD625A44}.Release|Any CPU.ActiveCfg = Release|Any CPU
		{8915F0F8-DA6F-4D3E-902D-03F4AD625A44}.Release|Any CPU.Build.0 = Release|Any CPU
	EndGlobalSection
	GlobalSection(SolutionProperties) = preSolution
		HideSolutionNode = FALSE
	EndGlobalSection
	GlobalSection(ExtensibilityGlobals) = postSolution
		SolutionGuid = {7D297C74-C732-4BCA-8F80-B2837789B0B7}
	EndGlobalSection
EndGlobal
